<?xml version="1.0" encoding="utf-8"?>
<Project ToolsVersion="4.0" xmlns="http://schemas.microsoft.com/developer/msbuild/2003">
  <ItemGroup>
    <Filter Include="Source Files">
      <UniqueIdentifier>{4FC737F1-C7A5-4376-A066-2A32D752A2FF}</UniqueIdentifier>
      <Extensions>cpp;c;cc;cxx;def;odl;idl;hpj;bat;asm;asmx</Extensions>
    </Filter>
    <Filter Include="Header Files">
      <UniqueIdentifier>{93995380-89BD-4b04-88EB-625FBE52EBFB}</UniqueIdentifier>
      <Extensions>h;hpp;hxx;hm;inl;inc;xsd</Extensions>
    </Filter>
    <Filter Include="Resource Files">
      <UniqueIdentifier>{67DA6AB6-F800-4c08-8B7A-83BB121AAD01}</UniqueIdentifier>
      <Extensions>rc;ico;cur;bmp;dlg;rc2;rct;bin;rgs;gif;jpg;jpeg;jpe;resx;tiff;tif;png;wav;mfcribbon-ms</Extensions>
    </Filter>
    <Filter Include="TrajBlocks">
      <UniqueIdentifier>{0b5b0520-ce78-4306-972a-d0a07bfcd14a}</UniqueIdentifier>
    </Filter>
  </ItemGroup>
  <ItemGroup>
    <Text Include="ReadMe.txt" />
  </ItemGroup>
  <ItemGroup>
    <ClInclude Include="CamCal.h">
      <Filter>Header Files</Filter>
    </ClInclude>
    <ClInclude Include="CamCalData.h">
      <Filter>Header Files</Filter>
    </ClInclude>
    <ClInclude Include="Geom3d.h">
      <Filter>Header Files</Filter>
    </ClInclude>
    <ClInclude Include="Geom3dData.h">
      <Filter>Header Files</Filter>
    </ClInclude>
    <ClInclude Include="GlobalAccess.h">
      <Filter>Header Files</Filter>
    </ClInclude>
    <ClInclude Include="IBlock.h">
      <Filter>Header Files</Filter>
    </ClInclude>
    <ClInclude Include="IGlobal.h">
      <Filter>Header Files</Filter>
    </ClInclude>
    <ClInclude Include="IGlobalAccess.h">
      <Filter>Header Files</Filter>
    </ClInclude>
    <ClInclude Include="Im.h">
      <Filter>Header Files</Filter>
    </ClInclude>
    <ClInclude Include="ImData.h">
      <Filter>Header Files</Filter>
    </ClInclude>
    <ClInclude Include="ISeq.h">
      <Filter>Header Files</Filter>
    </ClInclude>
    <ClInclude Include="PixPt.h">
      <Filter>Header Files</Filter>
    </ClInclude>
    <ClInclude Include="PixPtData.h">
      <Filter>Header Files</Filter>
    </ClInclude>
    <ClInclude Include="Pt3d.h">
      <Filter>Header Files</Filter>
    </ClInclude>
    <ClInclude Include="AppSeq.h">
      <Filter>Header Files</Filter>
    </ClInclude>
    <ClInclude Include="CrunchApp.h">
      <Filter>Header Files</Filter>
    </ClInclude>
    <ClInclude Include="AcqImBlk.h">
      <Filter>Header Files</Filter>
    </ClInclude>
    <ClInclude Include="PixCandsBlk.h">
      <Filter>Header Files</Filter>
    </ClInclude>
    <ClInclude Include="AppQueueData.h">
      <Filter>Header Files</Filter>
    </ClInclude>
    <ClInclude Include="Global.h">
      <Filter>Header Files</Filter>
    </ClInclude>
    <ClInclude Include="AppQueue.h">
      <Filter>Header Files</Filter>
    </ClInclude>
    <ClInclude Include="CommGeom3dClient.h">
      <Filter>Header Files</Filter>
    </ClInclude>
    <ClInclude Include="CommGeom3dServer.h">
      <Filter>Header Files</Filter>
    </ClInclude>
    <ClInclude Include="serialize_socket.h">
      <Filter>Header Files</Filter>
    </ClInclude>
    <ClInclude Include="TrackFixBlk.h">
      <Filter>Header Files</Filter>
    </ClInclude>
    <ClInclude Include="LabelFixBlk.h">
      <Filter>Header Files</Filter>
    </ClInclude>
    <ClInclude Include="SortFixBlk.h">
      <Filter>Header Files</Filter>
    </ClInclude>
    <ClInclude Include="LoadFixBlk.h">
      <Filter>Header Files</Filter>
    </ClInclude>
    <ClInclude Include="CamRay.h">
      <Filter>Header Files</Filter>
    </ClInclude>
    <ClInclude Include="Geom3dMISet.h">
      <Filter>Header Files</Filter>
    </ClInclude>
    <ClInclude Include="Pt.h">
      <Filter>Header Files</Filter>
    </ClInclude>
    <ClInclude Include="Mat.h">
      <Filter>Header Files</Filter>
    </ClInclude>
  </ItemGroup>
  <ItemGroup>
    <ClCompile Include="CrunchApp.cpp">
      <Filter>Source Files</Filter>
    </ClCompile>
    <ClCompile Include="CommGeom3dClient.cpp">
      <Filter>Source Files</Filter>
    </ClCompile>
    <ClCompile Include="CommGeom3dServer.cpp">
      <Filter>Source Files</Filter>
    </ClCompile>
    <ClCompile Include="AcqImBlk.cpp">
      <Filter>Source Files</Filter>
    </ClCompile>
    <ClCompile Include="PixCandsBlk.cpp">
      <Filter>Source Files</Filter>
    </ClCompile>
    <ClCompile Include="GlobalAccess.cpp">
      <Filter>Source Files</Filter>
    </ClCompile>
    <ClCompile Include="TrackFixBlk.cpp">
      <Filter>Source Files</Filter>
    </ClCompile>
    <ClCompile Include="LabelFixBlk.cpp">
      <Filter>Source Files</Filter>
    </ClCompile>
    <ClCompile Include="SortFixBlk.cpp">
      <Filter>Source Files</Filter>
    </ClCompile>
    <ClCompile Include="LoadFixBlk.cpp">
      <Filter>Source Files</Filter>
    </ClCompile>
  </ItemGroup>
</Project>